
Microsoft Visual Studio Solution File, Format Version 12.00
# Visual Studio Version 16
VisualStudioVersion = 16.0.29009.5
MinimumVisualStudioVersion = 10.0.40219.1
Project("{FAE04EC0-301F-11D3-BF4B-00C04F79EFBC}") = "AdminNET", "AdminNET\AdminNET.csproj", "{D30BE4FD-A5EF-4CD0-891B-92198BEC5572}"
EndProject
Global
	GlobalSection(SolutionConfigurationPlatforms) = preSolution
		Debug|Any CPU = Debug|Any CPU
		Release|Any CPU = Release|Any CPU
	EndGlobalSection
	GlobalSection(ProjectConfigurationPlatforms) = postSolution
		{D30BE4FD-A5EF-4CD0-891B-92198BEC5572}.Debug|Any CPU.ActiveCfg = Debug|Any CPU
		{D30BE4FD-A5EF-4CD0-891B-92198BEC5572}.Debug|Any CPU.Build.0 = Debug|Any CPU
		{D30BE4FD-A5EF-4CD0-891B-92198BEC5572}.Release|Any CPU.ActiveCfg = Release|Any CPU
		{D30BE4FD-A5EF-4CD0-891B-92198BEC5572}.Release|Any CPU.Build.0 = Release|Any CPU
	EndGlobalSection
	GlobalSection(SolutionProperties) = preSolution
		HideSolutionNode = FALSE
	EndGlobalSection
	GlobalSection(ExtensibilityGlobals) = postSolution
		SolutionGuid = {22F88A3A-2C18-4CF3-B7C8-5E79C9ADF4F3}
	EndGlobalSection
EndGlobal
